
Microsoft Visual Studio Solution File, Format Version 12.00
# Visual Studio Version 17
VisualStudioVersion = 17.5.33516.290
MinimumVisualStudioVersion = 10.0.40219.1
Project("{9A19103F-16F7-4668-BE54-9A1E7A4F7556}") = "PriceRater.WebScraper", "PriceRater.WebScraper\PriceRater.WebScraper.csproj", "{65D0A236-B0E5-4D01-9C9E-1A7E56647DE5}"
EndProject
Project("{9A19103F-16F7-4668-BE54-9A1E7A4F7556}") = "PriceRater.API", "PriceRater.API\PriceRater.API.csproj", "{A9A04284-4027-40A9-BFE7-0FC6CCD4AFFD}"
EndProject
Project("{9A19103F-16F7-4668-BE54-9A1E7A4F7556}") = "PriceRater.DataAccess", "PriceRater.DataAccess\PriceRater.DataAccess.csproj", "{F6604333-DBEF-4D84-8498-AFCFCA52A033}"
EndProject
Project("{00D1A9C2-B5F0-4AF3-8072-F6C62B433612}") = "PriceRater.Database", "PriceRater.Database\PriceRater.Database.sqlproj", "{B77498D7-7D38-43C1-B1B6-F011019B576B}"
EndProject
Project("{9A19103F-16F7-4668-BE54-9A1E7A4F7556}") = "PriceRater.Common", "PriceRater.Common\PriceRater.Common.csproj", "{5F3E178C-F629-4F5A-AE52-246C10EAD7E8}"
EndProject
Global
	GlobalSection(SolutionConfigurationPlatforms) = preSolution
		Debug|Any CPU = Debug|Any CPU
		Release|Any CPU = Release|Any CPU
	EndGlobalSection
	GlobalSection(ProjectConfigurationPlatforms) = postSolution
		{65D0A236-B0E5-4D01-9C9E-1A7E56647DE5}.Debug|Any CPU.ActiveCfg = Debug|Any CPU
		{65D0A236-B0E5-4D01-9C9E-1A7E56647DE5}.Debug|Any CPU.Build.0 = Debug|Any CPU
		{65D0A236-B0E5-4D01-9C9E-1A7E56647DE5}.Release|Any CPU.ActiveCfg = Release|Any CPU
		{65D0A236-B0E5-4D01-9C9E-1A7E56647DE5}.Release|Any CPU.Build.0 = Release|Any CPU
		{A9A04284-4027-40A9-BFE7-0FC6CCD4AFFD}.Debug|Any CPU.ActiveCfg = Debug|Any CPU
		{A9A04284-4027-40A9-BFE7-0FC6CCD4AFFD}.Debug|Any CPU.Build.0 = Debug|Any CPU
		{A9A04284-4027-40A9-BFE7-0FC6CCD4AFFD}.Release|Any CPU.ActiveCfg = Release|Any CPU
		{A9A04284-4027-40A9-BFE7-0FC6CCD4AFFD}.Release|Any CPU.Build.0 = Release|Any CPU
		{F6604333-DBEF-4D84-8498-AFCFCA52A033}.Debug|Any CPU.ActiveCfg = Debug|Any CPU
		{F6604333-DBEF-4D84-8498-AFCFCA52A033}.Debug|Any CPU.Build.0 = Debug|Any CPU
		{F6604333-DBEF-4D84-8498-AFCFCA52A033}.Release|Any CPU.ActiveCfg = Release|Any CPU
		{F6604333-DBEF-4D84-8498-AFCFCA52A033}.Release|Any CPU.Build.0 = Release|Any CPU
		{B77498D7-7D38-43C1-B1B6-F011019B576B}.Debug|Any CPU.ActiveCfg = Debug|Any CPU
		{B77498D7-7D38-43C1-B1B6-F011019B576B}.Debug|Any CPU.Build.0 = Debug|Any CPU
		{B77498D7-7D38-43C1-B1B6-F011019B576B}.Debug|Any CPU.Deploy.0 = Debug|Any CPU
		{B77498D7-7D38-43C1-B1B6-F011019B576B}.Release|Any CPU.ActiveCfg = Release|Any CPU
		{B77498D7-7D38-43C1-B1B6-F011019B576B}.Release|Any CPU.Build.0 = Release|Any CPU
		{B77498D7-7D38-43C1-B1B6-F011019B576B}.Release|Any CPU.Deploy.0 = Release|Any CPU
		{5F3E178C-F629-4F5A-AE52-246C10EAD7E8}.Debug|Any CPU.ActiveCfg = Debug|Any CPU
		{5F3E178C-F629-4F5A-AE52-246C10EAD7E8}.Debug|Any CPU.Build.0 = Debug|Any CPU
		{5F3E178C-F629-4F5A-AE52-246C10EAD7E8}.Release|Any CPU.ActiveCfg = Release|Any CPU
		{5F3E178C-F629-4F5A-AE52-246C10EAD7E8}.Release|Any CPU.Build.0 = Release|Any CPU
	EndGlobalSection
	GlobalSection(SolutionProperties) = preSolution
		HideSolutionNode = FALSE
	EndGlobalSection
	GlobalSection(ExtensibilityGlobals) = postSolution
		SolutionGuid = {4F34D22F-6570-413F-9F06-9C934FA1668E}
	EndGlobalSection
EndGlobal
